
Microsoft Visual Studio Solution File, Format Version 12.00
# Visual Studio Version 16
VisualStudioVersion = 16.0.31424.327
MinimumVisualStudioVersion = 10.0.40219.1
Project("{FAE04EC0-301F-11D3-BF4B-00C04F79EFBC}") = "WebRTCmeNuget.Wasm", "WebRTCmeNuget.Wasm\WebRTCmeNuget.Wasm.csproj", "{CC8BD262-E21B-402C-9C1E-9326536D6F17}"
EndProject
Project("{FAE04EC0-301F-11D3-BF4B-00C04F79EFBC}") = "WebRTCmeNuget.Server", "WebRTCmeNuget.Server\WebRTCmeNuget.Server.csproj", "{BF490659-7A56-46DC-A64A-F84262A26805}"
EndProject
Project("{FAE04EC0-301F-11D3-BF4B-00C04F79EFBC}") = "WebRTCmeNuget.Blazor", "WebRTCmeNuget.Blazor\WebRTCmeNuget.Blazor.csproj", "{E736B6F8-1A38-4418-9F6B-DBAF47F789F0}"
EndProject
Global
	GlobalSection(SolutionConfigurationPlatforms) = preSolution
		Debug|Any CPU = Debug|Any CPU
		Release|Any CPU = Release|Any CPU
	EndGlobalSection
	GlobalSection(ProjectConfigurationPlatforms) = postSolution
		{CC8BD262-E21B-402C-9C1E-9326536D6F17}.Debug|Any CPU.ActiveCfg = Debug|Any CPU
		{CC8BD262-E21B-402C-9C1E-9326536D6F17}.Debug|Any CPU.Build.0 = Debug|Any CPU
		{CC8BD262-E21B-402C-9C1E-9326536D6F17}.Release|Any CPU.ActiveCfg = Release|Any CPU
		{CC8BD262-E21B-402C-9C1E-9326536D6F17}.Release|Any CPU.Build.0 = Release|Any CPU
		{BF490659-7A56-46DC-A64A-F84262A26805}.Debug|Any CPU.ActiveCfg = Debug|Any CPU
		{BF490659-7A56-46DC-A64A-F84262A26805}.Debug|Any CPU.Build.0 = Debug|Any CPU
		{BF490659-7A56-46DC-A64A-F84262A26805}.Release|Any CPU.ActiveCfg = Release|Any CPU
		{BF490659-7A56-46DC-A64A-F84262A26805}.Release|Any CPU.Build.0 = Release|Any CPU
		{E736B6F8-1A38-4418-9F6B-DBAF47F789F0}.Debug|Any CPU.ActiveCfg = Debug|Any CPU
		{E736B6F8-1A38-4418-9F6B-DBAF47F789F0}.Debug|Any CPU.Build.0 = Debug|Any CPU
		{E736B6F8-1A38-4418-9F6B-DBAF47F789F0}.Release|Any CPU.ActiveCfg = Release|Any CPU
		{E736B6F8-1A38-4418-9F6B-DBAF47F789F0}.Release|Any CPU.Build.0 = Release|Any CPU
	EndGlobalSection
	GlobalSection(SolutionProperties) = preSolution
		HideSolutionNode = FALSE
	EndGlobalSection
	GlobalSection(ExtensibilityGlobals) = postSolution
		SolutionGuid = {D92D2D8B-1E5E-46B2-BCAA-7A6B6558D1AE}
	EndGlobalSection
EndGlobal
